// !$*UTF8*$!
{
	archiveVersion = 1;
	classes = {
	};
	objectVersion = 46;
	objects = {

/* Begin PBXBuildFile section */
		A24DDDDA1A3A392600CD7D76 /* AppDelegate.swift in Sources */ = {isa = PBXBuildFile; fileRef = A24DDDD91A3A392600CD7D76 /* AppDelegate.swift */; };
		A24DDDDC1A3A392600CD7D76 /* ViewController.swift in Sources */ = {isa = PBXBuildFile; fileRef = A24DDDDB1A3A392600CD7D76 /* ViewController.swift */; };
		A24DDDDF1A3A392600CD7D76 /* Main.storyboard in Resources */ = {isa = PBXBuildFile; fileRef = A24DDDDD1A3A392600CD7D76 /* Main.storyboard */; };
		A24DDDE11A3A392600CD7D76 /* Images.xcassets in Resources */ = {isa = PBXBuildFile; fileRef = A24DDDE01A3A392600CD7D76 /* Images.xcassets */; };
		A24DDDE41A3A392600CD7D76 /* LaunchScreen.xib in Resources */ = {isa = PBXBuildFile; fileRef = A24DDDE21A3A392600CD7D76 /* LaunchScreen.xib */; };
		A24DDDF01A3A392600CD7D76 /* RachelsAppTests.swift in Sources */ = {isa = PBXBuildFile; fileRef = A24DDDEF1A3A392600CD7D76 /* RachelsAppTests.swift */; };
/* End PBXBuildFile section */

/* Begin PBXContainerItemProxy section */
		A24DDDEA1A3A392600CD7D76 /* PBXContainerItemProxy */ = {
			isa = PBXContainerItemProxy;
			containerPortal = A24DDDCC1A3A392500CD7D76 /* Project object */;
			proxyType = 1;
			remoteGlobalIDString = A24DDDD31A3A392500CD7D76;
			remoteInfo = RachelsApp;
		};
/* End PBXContainerItemProxy section */

/* Begin PBXFileReference section */
		A24DDDD41A3A392500CD7D76 /* RachelsApp.app */ = {isa = PBXFileReference; explicitFileType = wrapper.application; includeInIndex = 0; path = RachelsApp.app; sourceTree = BUILT_PRODUCTS_DIR; };
		A24DDDD81A3A392600CD7D76 /* Info.plist */ = {isa = PBXFileReference; lastKnownFileType = text.plist.xml; path = Info.plist; sourceTree = "<group>"; };
		A24DDDD91A3A392600CD7D76 /* AppDelegate.swift */ = {isa = PBXFileReference; lastKnownFileType = sourcecode.swift; path = AppDelegate.swift; sourceTree = "<group>"; };
		A24DDDDB1A3A392600CD7D76 /* ViewController.swift */ = {isa = PBXFileReference; lastKnownFileType = sourcecode.swift; path = ViewController.swift; sourceTree = "<group>"; };
		A24DDDDE1A3A392600CD7D76 /* Base */ = {isa = PBXFileReference; lastKnownFileType = file.storyboard; name = Base; path = Base.lproj/Main.storyboard; sourceTree = "<group>"; };
		A24DDDE01A3A392600CD7D76 /* Images.xcassets */ = {isa = PBXFileReference; lastKnownFileType = folder.assetcatalog; path = Images.xcassets; sourceTree = "<group>"; };
		A24DDDE31A3A392600CD7D76 /* Base */ = {isa = PBXFileReference; lastKnownFileType = file.xib; name = Base; path = Base.lproj/LaunchScreen.xib; sourceTree = "<group>"; };
		A24DDDE91A3A392600CD7D76 /* RachelsAppTests.xctest */ = {isa = PBXFileReference; explicitFileType = wrapper.cfbundle; includeInIndex = 0; path = RachelsAppTests.xctest; sourceTree = BUILT_PRODUCTS_DIR; };
		A24DDDEE1A3A392600CD7D76 /* Info.plist */ = {isa = PBXFileReference; lastKnownFileType = text.plist.xml; path = Info.plist; sourceTree = "<group>"; };
		A24DDDEF1A3A392600CD7D76 /* RachelsAppTests.swift */ = {isa = PBXFileReference; lastKnownFileType = sourcecode.swift; path = RachelsAppTests.swift; sourceTree = "<group>"; };
/* End PBXFileReference section */

/* Begin PBXFrameworksBuildPhase section */
		A24DDDD11A3A392500CD7D76 /* Frameworks */ = {
			isa = PBXFrameworksBuildPhase;
			buildActionMask = 2147483647;
			files = (
			);
			runOnlyForDeploymentPostprocessing = 0;
		};
		A24DDDE61A3A392600CD7D76 /* Frameworks */ = {
			isa = PBXFrameworksBuildPhase;
			buildActionMask = 2147483647;
			files = (
			);
			runOnlyForDeploymentPostprocessing = 0;
		};
/* End PBXFrameworksBuildPhase section */

/* Begin PBXGroup section */
		A24DDDCB1A3A392500CD7D76 = {
			isa = PBXGroup;
			children = (
				A24DDDD61A3A392500CD7D76 /* RachelsApp */,
				A24DDDEC1A3A392600CD7D76 /* RachelsAppTests */,
				A24DDDD51A3A392500CD7D76 /* Products */,
			);
			sourceTree = "<group>";
		};
		A24DDDD51A3A392500CD7D76 /* Products */ = {
			isa = PBXGroup;
			children = (
				A24DDDD41A3A392500CD7D76 /* RachelsApp.app */,
				A24DDDE91A3A392600CD7D76 /* RachelsAppTests.xctest */,
			);
			name = Products;
			sourceTree = "<group>";
		};
		A24DDDD61A3A392500CD7D76 /* RachelsApp */ = {
			isa = PBXGroup;
			children = (
				A24DDDD91A3A392600CD7D76 /* AppDelegate.swift */,
				A24DDDDB1A3A392600CD7D76 /* ViewController.swift */,
				A24DDDDD1A3A392600CD7D76 /* Main.storyboard */,
				A24DDDE01A3A392600CD7D76 /* Images.xcassets */,
				A24DDDE21A3A392600CD7D76 /* LaunchScreen.xib */,
				A24DDDD71A3A392600CD7D76 /* Supporting Files */,
			);
			path = RachelsApp;
			sourceTree = "<group>";
		};
		A24DDDD71A3A392600CD7D76 /* Supporting Files */ = {
			isa = PBXGroup;
			children = (
				A24DDDD81A3A392600CD7D76 /* Info.plist */,
			);
			name = "Supporting Files";
			sourceTree = "<group>";
		};
		A24DDDEC1A3A392600CD7D76 /* RachelsAppTests */ = {
			isa = PBXGroup;
			children = (
				A24DDDEF1A3A392600CD7D76 /* RachelsAppTests.swift */,
				A24DDDED1A3A392600CD7D76 /* Supporting Files */,
			);
			path = RachelsAppTests;
			sourceTree = "<group>";
		};
		A24DDDED1A3A392600CD7D76 /* Supporting Files */ = {
			isa = PBXGroup;
			children = (
				A24DDDEE1A3A392600CD7D76 /* Info.plist */,
			);
			name = "Supporting Files";
			sourceTree = "<group>";
		};
/* End PBXGroup section */

/* Begin PBXNativeTarget section */
		A24DDDD31A3A392500CD7D76 /* RachelsApp */ = {
			isa = PBXNativeTarget;
			buildConfigurationList = A24DDDF31A3A392600CD7D76 /* Build configuration list for PBXNativeTarget "RachelsApp" */;
			buildPhases = (
				A24DDDD01A3A392500CD7D76 /* Sources */,
				A24DDDD11A3A392500CD7D76 /* Frameworks */,
				A24DDDD21A3A392500CD7D76 /* Resources */,
			);
			buildRules = (
			);
			dependencies = (
			);
			name = RachelsApp;
			productName = RachelsApp;
			productReference = A24DDDD41A3A392500CD7D76 /* RachelsApp.app */;
			productType = "com.apple.product-type.application";
		};
		A24DDDE81A3A392600CD7D76 /* RachelsAppTests */ = {
			isa = PBXNativeTarget;
			buildConfigurationList = A24DDDF61A3A392600CD7D76 /* Build configuration list for PBXNativeTarget "RachelsAppTests" */;
			buildPhases = (
				A24DDDE51A3A392600CD7D76 /* Sources */,
				A24DDDE61A3A392600CD7D76 /* Frameworks */,
				A24DDDE71A3A392600CD7D76 /* Resources */,
			);
			buildRules = (
			);
			dependencies = (
				A24DDDEB1A3A392600CD7D76 /* PBXTargetDependency */,
			);
			name = RachelsAppTests;
			productName = RachelsAppTests;
			productReference = A24DDDE91A3A392600CD7D76 /* RachelsAppTests.xctest */;
			productType = "com.apple.product-type.bundle.unit-test";
		};
/* End PBXNativeTarget section */

/* Begin PBXProject section */
		A24DDDCC1A3A392500CD7D76 /* Project object */ = {
			isa = PBXProject;
			attributes = {
				LastUpgradeCheck = 0610;
				ORGANIZATIONNAME = "CTEC Student Laptop";
				TargetAttributes = {
					A24DDDD31A3A392500CD7D76 = {
						CreatedOnToolsVersion = 6.1.1;
					};
					A24DDDE81A3A392600CD7D76 = {
						CreatedOnToolsVersion = 6.1.1;
						TestTargetID = A24DDDD31A3A392500CD7D76;
					};
				};
			};
			buildConfigurationList = A24DDDCF1A3A392500CD7D76 /* Build configuration list for PBXProject "RachelsApp" */;
			compatibilityVersion = "Xcode 3.2";
			developmentRegion = English;
			hasScannedForEncodings = 0;
			knownRegions = (
				en,
				Base,
			);
			mainGroup = A24DDDCB1A3A392500CD7D76;
			productRefGroup = A24DDDD51A3A392500CD7D76 /* Products */;
			projectDirPath = "";
			projectRoot = "";
			targets = (
				A24DDDD31A3A392500CD7D76 /* RachelsApp */,
				A24DDDE81A3A392600CD7D76 /* RachelsAppTests */,
			);
		};
/* End PBXProject section */

/* Begin PBXResourcesBuildPhase section */
		A24DDDD21A3A392500CD7D76 /* Resources */ = {
			isa = PBXResourcesBuildPhase;
			buildActionMask = 2147483647;
			files = (
				A24DDDDF1A3A392600CD7D76 /* Main.storyboard in Resources */,
				A24DDDE41A3A392600CD7D76 /* LaunchScreen.xib in Resources */,
				A24DDDE11A3A392600CD7D76 /* Images.xcassets in Resources */,
			);
			runOnlyForDeploymentPostprocessing = 0;
		};
		A24DDDE71A3A392600CD7D76 /* Resources */ = {
			isa = PBXResourcesBuildPhase;
			buildActionMask = 2147483647;
			files = (
			);
			runOnlyForDeploymentPostprocessing = 0;
		};
/* End PBXResourcesBuildPhase section */

/* Begin PBXSourcesBuildPhase section */
		A24DDDD01A3A392500CD7D76 /* Sources */ = {
			isa = PBXSourcesBuildPhase;
			buildActionMask = 2147483647;
			files = (
				A24DDDDC1A3A392600CD7D76 /* ViewController.swift in Sources */,
				A24DDDDA1A3A392600CD7D76 /* AppDelegate.swift in Sources */,
			);
			runOnlyForDeploymentPostprocessing = 0;
		};
		A24DDDE51A3A392600CD7D76 /* Sources */ = {
			isa = PBXSourcesBuildPhase;
			buildActionMask = 2147483647;
			files = (
				A24DDDF01A3A392600CD7D76 /* RachelsAppTests.swift in Sources */,
			);
			runOnlyForDeploymentPostprocessing = 0;
		};
/* End PBXSourcesBuildPhase section */

/* Begin PBXTargetDependency section */
		A24DDDEB1A3A392600CD7D76 /* PBXTargetDependency */ = {
			isa = PBXTargetDependency;
			target = A24DDDD31A3A392500CD7D76 /* RachelsApp */;
			targetProxy = A24DDDEA1A3A392600CD7D76 /* PBXContainerItemProxy */;
		};
/* End PBXTargetDependency section */

/* Begin PBXVariantGroup section */
		A24DDDDD1A3A392600CD7D76 /* Main.storyboard */ = {
			isa = PBXVariantGroup;
			children = (
				A24DDDDE1A3A392600CD7D76 /* Base */,
			);
			name = Main.storyboard;
			sourceTree = "<group>";
		};
		A24DDDE21A3A392600CD7D76 /* LaunchScreen.xib */ = {
			isa = PBXVariantGroup;
			children = (
				A24DDDE31A3A392600CD7D76 /* Base */,
			);
			name = LaunchScreen.xib;
			sourceTree = "<group>";
		};
/* End PBXVariantGroup section */

/* Begin XCBuildConfiguration section */
		A24DDDF11A3A392600CD7D76 /* Debug */ = {
			isa = XCBuildConfiguration;
			buildSettings = {
				ALWAYS_SEARCH_USER_PATHS = NO;
				CLANG_CXX_LANGUAGE_STANDARD = "gnu++0x";
				CLANG_CXX_LIBRARY = "libc++";
				CLANG_ENABLE_MODULES = YES;
				CLANG_ENABLE_OBJC_ARC = YES;
				CLANG_WARN_BOOL_CONVERSION = YES;
				CLANG_WARN_CONSTANT_CONVERSION = YES;
				CLANG_WARN_DIRECT_OBJC_ISA_USAGE = YES_ERROR;
				CLANG_WARN_EMPTY_BODY = YES;
				CLANG_WARN_ENUM_CONVERSION = YES;
				CLANG_WARN_INT_CONVERSION = YES;
				CLANG_WARN_OBJC_ROOT_CLASS = YES_ERROR;
				CLANG_WARN_UNREACHABLE_CODE = YES;
				CLANG_WARN__DUPLICATE_METHOD_MATCH = YES;
				"CODE_SIGN_IDENTITY[sdk=iphoneos*]" = "iPhone Developer";
				COPY_PHASE_STRIP = NO;
				ENABLE_STRICT_OBJC_MSGSEND = YES;
				GCC_C_LANGUAGE_STANDARD = gnu99;
				GCC_DYNAMIC_NO_PIC = NO;
				GCC_OPTIMIZATION_LEVEL = 0;
				GCC_PREPROCESSOR_DEFINITIONS = (
					"DEBUG=1",
					"$(inherited)",
				);
				GCC_SYMBOLS_PRIVATE_EXTERN = NO;
				GCC_WARN_64_TO_32_BIT_CONVERSION = YES;
				GCC_WARN_ABOUT_RETURN_TYPE = YES_ERROR;
				GCC_WARN_UNDECLARED_SELECTOR = YES;
				GCC_WARN_UNINITIALIZED_AUTOS = YES_AGGRESSIVE;
				GCC_WARN_UNUSED_FUNCTION = YES;
				GCC_WARN_UNUSED_VARIABLE = YES;
				IPHONEOS_DEPLOYMENT_TARGET = 8.1;
				MTL_ENABLE_DEBUG_INFO = YES;
				ONLY_ACTIVE_ARCH = YES;
				SDKROOT = iphoneos;
				SWIFT_OPTIMIZATION_LEVEL = "-Onone";
				TARGETED_DEVICE_FAMILY = "1,2";
			};
			name = Debug;
		};
		A24DDDF21A3A392600CD7D76 /* Release */ = {
			isa = XCBuildConfiguration;
			buildSettings = {
				ALWAYS_SEARCH_USER_PATHS = NO;
				CLANG_CXX_LANGUAGE_STANDARD = "gnu++0x";
				CLANG_CXX_LIBRARY = "libc++";
				CLANG_ENABLE_MODULES = YES;
				CLANG_ENABLE_OBJC_ARC = YES;
				CLANG_WARN_BOOL_CONVERSION = YES;
				CLANG_WARN_CONSTANT_CONVERSION = YES;
				CLANG_WARN_DIRECT_OBJC_ISA_USAGE = YES_ERROR;
				CLANG_WARN_EMPTY_BODY = YES;
				CLANG_WARN_ENUM_CONVERSION = YES;
				CLANG_WARN_INT_CONVERSION = YES;
				CLANG_WARN_OBJC_ROOT_CLASS = YES_ERROR;
				CLANG_WARN_UNREACHABLE_CODE = YES;
				CLANG_WARN__DUPLICATE_METHOD_MATCH = YES;
				"CODE_SIGN_IDENTITY[sdk=iphoneos*]" = "iPhone Developer";
				COPY_PHASE_STRIP = YES;
				ENABLE_NS_ASSERTIONS = NO;
				ENABLE_STRICT_OBJC_MSGSEND = YES;
				GCC_C_LANGUAGE_STANDARD = gnu99;
				GCC_WARN_64_TO_32_BIT_CONVERSION = YES;
				GCC_WARN_ABOUT_RETURN_TYPE = YES_ERROR;
				GCC_WARN_UNDECLARED_SELECTOR = YES;
				GCC_WARN_UNINITIALIZED_AUTOS = YES_AGGRESSIVE;
				GCC_WARN_UNUSED_FUNCTION = YES;
				GCC_WARN_UNUSED_VARIABLE = YES;
				IPHONEOS_DEPLOYMENT_TARGET = 8.1;
				MTL_ENABLE_DEBUG_INFO = NO;
				SDKROOT = iphoneos;
				TARGETED_DEVICE_FAMILY = "1,2";
				VALIDATE_PRODUCT = YES;
			};
			name = Release;
		};
		A24DDDF41A3A392600CD7D76 /* Debug */ = {
			isa = XCBuildConfiguration;
			buildSettings = {
				ASSETCATALOG_COMPILER_APPICON_NAME = AppIcon;
				INFOPLIST_FILE = RachelsApp/Info.plist;
				LD_RUNPATH_SEARCH_PATHS = "$(inherited) @executable_path/Frameworks";
				PRODUCT_NAME = "$(TARGET_NAME)";
			};
			name = Debug;
		};
		A24DDDF51A3A392600CD7D76 /* Release */ = {
			isa = XCBuildConfiguration;
			buildSettings = {
				ASSETCATALOG_COMPILER_APPICON_NAME = AppIcon;
				INFOPLIST_FILE = RachelsApp/Info.plist;
				LD_RUNPATH_SEARCH_PATHS = "$(inherited) @executable_path/Frameworks";
				PRODUCT_NAME = "$(TARGET_NAME)";
			};
			name = Release;
		};
		A24DDDF71A3A392600CD7D76 /* Debug */ = {
			isa = XCBuildConfiguration;
			buildSettings = {
				BUNDLE_LOADER = "$(TEST_HOST)";
				FRAMEWORK_SEARCH_PATHS = (
					"$(SDKROOT)/Developer/Library/Frameworks",
					"$(inherited)",
				);
				GCC_PREPROCESSOR_DEFINITIONS = (
					"DEBUG=1",
					"$(inherited)",
				);
				INFOPLIST_FILE = RachelsAppTests/Info.plist;
				LD_RUNPATH_SEARCH_PATHS = "$(inherited) @executable_path/Frameworks @loader_path/Frameworks";
				PRODUCT_NAME = "$(TARGET_NAME)";
				TEST_HOST = "$(BUILT_PRODUCTS_DIR)/RachelsApp.app/RachelsApp";
			};
			name = Debug;
		};
		A24DDDF81A3A392600CD7D76 /* Release */ = {
			isa = XCBuildConfiguration;
			buildSettings = {
				BUNDLE_LOADER = "$(TEST_HOST)";
				FRAMEWORK_SEARCH_PATHS = (
					"$(SDKROOT)/Developer/Library/Frameworks",
					"$(inherited)",
				);
				INFOPLIST_FILE = RachelsAppTests/Info.plist;
				LD_RUNPATH_SEARCH_PATHS = "$(inherited) @executable_path/Frameworks @loader_path/Frameworks";
				PRODUCT_NAME = "$(TARGET_NAME)";
				TEST_HOST = "$(BUILT_PRODUCTS_DIR)/RachelsApp.app/RachelsApp";
			};
			name = Release;
		};
/* End XCBuildConfiguration section */

/* Begin XCConfigurationList section */
		A24DDDCF1A3A392500CD7D76 /* Build configuration list for PBXProject "RachelsApp" */ = {
			isa = XCConfigurationList;
			buildConfigurations = (
				A24DDDF11A3A392600CD7D76 /* Debug */,
				A24DDDF21A3A392600CD7D76 /* Release */,
			);
			defaultConfigurationIsVisible = 0;
			defaultConfigurationName = Release;
		};
		A24DDDF31A3A392600CD7D76 /* Build configuration list for PBXNativeTarget "RachelsApp" */ = {
			isa = XCConfigurationList;
			buildConfigurations = (
				A24DDDF41A3A392600CD7D76 /* Debug */,
				A24DDDF51A3A392600CD7D76 /* Release */,
			);
			defaultConfigurationIsVisible = 0;
		};
		A24DDDF61A3A392600CD7D76 /* Build configuration list for PBXNativeTarget "RachelsAppTests" */ = {
			isa = XCConfigurationList;
			buildConfigurations = (
				A24DDDF71A3A392600CD7D76 /* Debug */,
				A24DDDF81A3A392600CD7D76 /* Release */,
			);
			defaultConfigurationIsVisible = 0;
		};
/* End XCConfigurationList section */
	};
	rootObject = A24DDDCC1A3A392500CD7D76 /* Project object */;
}
